<@id>ae0b4921d86749f658c7a19343d7736b3551fa67
  <@hash>4f53cda18c2baa0c0354bb5f9a3ecbe5ed12ab4d8e11ba873c2f11161202b945
  <@path>/extensions/BaseFlowPath/dependencies.json
  <@fullPath>/resource/App_264610095947b7fa572df452f1c87c11/extensions/BaseFlowPath/dependencies.json
  <@localComponentPath>/home/supreme/Dropbox/Workspace/supos-ccws/src/新通用组件库

<@id>fa5dc38ed39e40197fc4fedca77dfb6183251133
  <@hash>cab7ef6daf45290f7f83160402c7e3844e6fda24bfec23f662a3feda83fe610e
  <@path>/extensions/BaseFlowPath/source/index.js
  <@fullPath>/resource/App_264610095947b7fa572df452f1c87c11/extensions/BaseFlowPath/source/index.js
  <@localComponentPath>/home/supreme/Dropbox/Workspace/supos-ccws/src/新通用组件库

